// !$*UTF8*$!
{
	archiveVersion = 1;
	classes = {
	};
	objectVersion = 46;
	objects = {

/* Begin PBXBuildFile section */
		944CC9CC1C8FC8C30029C723 /* AppDelegate.swift in Sources */ = {isa = PBXBuildFile; fileRef = 944CC9CB1C8FC8C30029C723 /* AppDelegate.swift */; };
		944CC9CE1C8FC8C30029C723 /* ViewController.swift in Sources */ = {isa = PBXBuildFile; fileRef = 944CC9CD1C8FC8C30029C723 /* ViewController.swift */; };
		944CC9D11C8FC8C30029C723 /* Main.storyboard in Resources */ = {isa = PBXBuildFile; fileRef = 944CC9CF1C8FC8C30029C723 /* Main.storyboard */; };
		944CC9D31C8FC8C30029C723 /* Assets.xcassets in Resources */ = {isa = PBXBuildFile; fileRef = 944CC9D21C8FC8C30029C723 /* Assets.xcassets */; };
		944CC9D61C8FC8C30029C723 /* LaunchScreen.storyboard in Resources */ = {isa = PBXBuildFile; fileRef = 944CC9D41C8FC8C30029C723 /* LaunchScreen.storyboard */; };
/* End PBXBuildFile section */

/* Begin PBXFileReference section */
		944CC9C81C8FC8C30029C723 /* niftyCollectionView.app */ = {isa = PBXFileReference; explicitFileType = wrapper.application; includeInIndex = 0; path = niftyCollectionView.app; sourceTree = BUILT_PRODUCTS_DIR; };
		944CC9CB1C8FC8C30029C723 /* AppDelegate.swift */ = {isa = PBXFileReference; lastKnownFileType = sourcecode.swift; path = AppDelegate.swift; sourceTree = "<group>"; };
		944CC9CD1C8FC8C30029C723 /* ViewController.swift */ = {isa = PBXFileReference; lastKnownFileType = sourcecode.swift; path = ViewController.swift; sourceTree = "<group>"; };
		944CC9D01C8FC8C30029C723 /* Base */ = {isa = PBXFileReference; lastKnownFileType = file.storyboard; name = Base; path = Base.lproj/Main.storyboard; sourceTree = "<group>"; };
		944CC9D21C8FC8C30029C723 /* Assets.xcassets */ = {isa = PBXFileReference; lastKnownFileType = folder.assetcatalog; path = Assets.xcassets; sourceTree = "<group>"; };
		944CC9D51C8FC8C30029C723 /* Base */ = {isa = PBXFileReference; lastKnownFileType = file.storyboard; name = Base; path = Base.lproj/LaunchScreen.storyboard; sourceTree = "<group>"; };
		944CC9D71C8FC8C30029C723 /* Info.plist */ = {isa = PBXFileReference; lastKnownFileType = text.plist.xml; path = Info.plist; sourceTree = "<group>"; };
/* End PBXFileReference section */

/* Begin PBXFrameworksBuildPhase section */
		944CC9C51C8FC8C30029C723 /* Frameworks */ = {
			isa = PBXFrameworksBuildPhase;
			buildActionMask = 2147483647;
			files = (
			);
			runOnlyForDeploymentPostprocessing = 0;
		};
/* End PBXFrameworksBuildPhase section */

/* Begin PBXGroup section */
		944CC9BF1C8FC8C30029C723 = {
			isa = PBXGroup;
			children = (
				944CC9CA1C8FC8C30029C723 /* niftyCollectionView */,
				944CC9C91C8FC8C30029C723 /* Products */,
			);
			sourceTree = "<group>";
		};
		944CC9C91C8FC8C30029C723 /* Products */ = {
			isa = PBXGroup;
			children = (
				944CC9C81C8FC8C30029C723 /* niftyCollectionView.app */,
			);
			name = Products;
			sourceTree = "<group>";
		};
		944CC9CA1C8FC8C30029C723 /* niftyCollectionView */ = {
			isa = PBXGroup;
			children = (
				944CC9CB1C8FC8C30029C723 /* AppDelegate.swift */,
				944CC9CD1C8FC8C30029C723 /* ViewController.swift */,
				944CC9CF1C8FC8C30029C723 /* Main.storyboard */,
				944CC9D21C8FC8C30029C723 /* Assets.xcassets */,
				944CC9D41C8FC8C30029C723 /* LaunchScreen.storyboard */,
				944CC9D71C8FC8C30029C723 /* Info.plist */,
			);
			path = niftyCollectionView;
			sourceTree = "<group>";
		};
/* End PBXGroup section */

/* Begin PBXNativeTarget section */
		944CC9C71C8FC8C30029C723 /* niftyCollectionView */ = {
			isa = PBXNativeTarget;
			buildConfigurationList = 944CC9DA1C8FC8C30029C723 /* Build configuration list for PBXNativeTarget "niftyCollectionView" */;
			buildPhases = (
				944CC9C41C8FC8C30029C723 /* Sources */,
				944CC9C51C8FC8C30029C723 /* Frameworks */,
				944CC9C61C8FC8C30029C723 /* Resources */,
			);
			buildRules = (
			);
			dependencies = (
			);
			name = niftyCollectionView;
			productName = niftyCollectionView;
			productReference = 944CC9C81C8FC8C30029C723 /* niftyCollectionView.app */;
			productType = "com.apple.product-type.application";
		};
/* End PBXNativeTarget section */

/* Begin PBXProject section */
		944CC9C01C8FC8C30029C723 /* Project object */ = {
			isa = PBXProject;
			attributes = {
				LastSwiftUpdateCheck = 0720;
				LastUpgradeCheck = 0720;
				ORGANIZATIONNAME = DaichiSaito;
				TargetAttributes = {
					944CC9C71C8FC8C30029C723 = {
						CreatedOnToolsVersion = 7.2.1;
					};
				};
			};
			buildConfigurationList = 944CC9C31C8FC8C30029C723 /* Build configuration list for PBXProject "niftyCollectionView" */;
			compatibilityVersion = "Xcode 3.2";
			developmentRegion = English;
			hasScannedForEncodings = 0;
			knownRegions = (
				en,
				Base,
			);
			mainGroup = 944CC9BF1C8FC8C30029C723;
			productRefGroup = 944CC9C91C8FC8C30029C723 /* Products */;
			projectDirPath = "";
			projectRoot = "";
			targets = (
				944CC9C71C8FC8C30029C723 /* niftyCollectionView */,
			);
		};
/* End PBXProject section */

/* Begin PBXResourcesBuildPhase section */
		944CC9C61C8FC8C30029C723 /* Resources */ = {
			isa = PBXResourcesBuildPhase;
			buildActionMask = 2147483647;
			files = (
				944CC9D61C8FC8C30029C723 /* LaunchScreen.storyboard in Resources */,
				944CC9D31C8FC8C30029C723 /* Assets.xcassets in Resources */,
				944CC9D11C8FC8C30029C723 /* Main.storyboard in Resources */,
			);
			runOnlyForDeploymentPostprocessing = 0;
		};
/* End PBXResourcesBuildPhase section */

/* Begin PBXSourcesBuildPhase section */
		944CC9C41C8FC8C30029C723 /* Sources */ = {
			isa = PBXSourcesBuildPhase;
			buildActionMask = 2147483647;
			files = (
				944CC9CE1C8FC8C30029C723 /* ViewController.swift in Sources */,
				944CC9CC1C8FC8C30029C723 /* AppDelegate.swift in Sources */,
			);
			runOnlyForDeploymentPostprocessing = 0;
		};
/* End PBXSourcesBuildPhase section */

/* Begin PBXVariantGroup section */
		944CC9CF1C8FC8C30029C723 /* Main.storyboard */ = {
			isa = PBXVariantGroup;
			children = (
				944CC9D01C8FC8C30029C723 /* Base */,
			);
			name = Main.storyboard;
			sourceTree = "<group>";
		};
		944CC9D41C8FC8C30029C723 /* LaunchScreen.storyboard */ = {
			isa = PBXVariantGroup;
			children = (
				944CC9D51C8FC8C30029C723 /* Base */,
			);
			name = LaunchScreen.storyboard;
			sourceTree = "<group>";
		};
/* End PBXVariantGroup section */

/* Begin XCBuildConfiguration section */
		944CC9D81C8FC8C30029C723 /* Debug */ = {
			isa = XCBuildConfiguration;
			buildSettings = {
				ALWAYS_SEARCH_USER_PATHS = NO;
				CLANG_CXX_LANGUAGE_STANDARD = "gnu++0x";
				CLANG_CXX_LIBRARY = "libc++";
				CLANG_ENABLE_MODULES = YES;
				CLANG_ENABLE_OBJC_ARC = YES;
				CLANG_WARN_BOOL_CONVERSION = YES;
				CLANG_WARN_CONSTANT_CONVERSION = YES;
				CLANG_WARN_DIRECT_OBJC_ISA_USAGE = YES_ERROR;
				CLANG_WARN_EMPTY_BODY = YES;
				CLANG_WARN_ENUM_CONVERSION = YES;
				CLANG_WARN_INT_CONVERSION = YES;
				CLANG_WARN_OBJC_ROOT_CLASS = YES_ERROR;
				CLANG_WARN_UNREACHABLE_CODE = YES;
				CLANG_WARN__DUPLICATE_METHOD_MATCH = YES;
				"CODE_SIGN_IDENTITY[sdk=iphoneos*]" = "iPhone Developer";
				COPY_PHASE_STRIP = NO;
				DEBUG_INFORMATION_FORMAT = dwarf;
				ENABLE_STRICT_OBJC_MSGSEND = YES;
				ENABLE_TESTABILITY = YES;
				GCC_C_LANGUAGE_STANDARD = gnu99;
				GCC_DYNAMIC_NO_PIC = NO;
				GCC_NO_COMMON_BLOCKS = YES;
				GCC_OPTIMIZATION_LEVEL = 0;
				GCC_PREPROCESSOR_DEFINITIONS = (
					"DEBUG=1",
					"$(inherited)",
				);
				GCC_WARN_64_TO_32_BIT_CONVERSION = YES;
				GCC_WARN_ABOUT_RETURN_TYPE = YES_ERROR;
				GCC_WARN_UNDECLARED_SELECTOR = YES;
				GCC_WARN_UNINITIALIZED_AUTOS = YES_AGGRESSIVE;
				GCC_WARN_UNUSED_FUNCTION = YES;
				GCC_WARN_UNUSED_VARIABLE = YES;
				IPHONEOS_DEPLOYMENT_TARGET = 9.2;
				MTL_ENABLE_DEBUG_INFO = YES;
				ONLY_ACTIVE_ARCH = YES;
				SDKROOT = iphoneos;
				SWIFT_OPTIMIZATION_LEVEL = "-Onone";
			};
			name = Debug;
		};
		944CC9D91C8FC8C30029C723 /* Release */ = {
			isa = XCBuildConfiguration;
			buildSettings = {
				ALWAYS_SEARCH_USER_PATHS = NO;
				CLANG_CXX_LANGUAGE_STANDARD = "gnu++0x";
				CLANG_CXX_LIBRARY = "libc++";
				CLANG_ENABLE_MODULES = YES;
				CLANG_ENABLE_OBJC_ARC = YES;
				CLANG_WARN_BOOL_CONVERSION = YES;
				CLANG_WARN_CONSTANT_CONVERSION = YES;
				CLANG_WARN_DIRECT_OBJC_ISA_USAGE = YES_ERROR;
				CLANG_WARN_EMPTY_BODY = YES;
				CLANG_WARN_ENUM_CONVERSION = YES;
				CLANG_WARN_INT_CONVERSION = YES;
				CLANG_WARN_OBJC_ROOT_CLASS = YES_ERROR;
				CLANG_WARN_UNREACHABLE_CODE = YES;
				CLANG_WARN__DUPLICATE_METHOD_MATCH = YES;
				"CODE_SIGN_IDENTITY[sdk=iphoneos*]" = "iPhone Developer";
				COPY_PHASE_STRIP = NO;
				DEBUG_INFORMATION_FORMAT = "dwarf-with-dsym";
				ENABLE_NS_ASSERTIONS = NO;
				ENABLE_STRICT_OBJC_MSGSEND = YES;
				GCC_C_LANGUAGE_STANDARD = gnu99;
				GCC_NO_COMMON_BLOCKS = YES;
				GCC_WARN_64_TO_32_BIT_CONVERSION = YES;
				GCC_WARN_ABOUT_RETURN_TYPE = YES_ERROR;
				GCC_WARN_UNDECLARED_SELECTOR = YES;
				GCC_WARN_UNINITIALIZED_AUTOS = YES_AGGRESSIVE;
				GCC_WARN_UNUSED_FUNCTION = YES;
				GCC_WARN_UNUSED_VARIABLE = YES;
				IPHONEOS_DEPLOYMENT_TARGET = 9.2;
				MTL_ENABLE_DEBUG_INFO = NO;
				SDKROOT = iphoneos;
				VALIDATE_PRODUCT = YES;
			};
			name = Release;
		};
		944CC9DB1C8FC8C30029C723 /* Debug */ = {
			isa = XCBuildConfiguration;
			buildSettings = {
				ASSETCATALOG_COMPILER_APPICON_NAME = AppIcon;
				INFOPLIST_FILE = niftyCollectionView/Info.plist;
				LD_RUNPATH_SEARCH_PATHS = "$(inherited) @executable_path/Frameworks";
				PRODUCT_BUNDLE_IDENTIFIER = com.oshige.niftyCollectionView;
				PRODUCT_NAME = "$(TARGET_NAME)";
			};
			name = Debug;
		};
		944CC9DC1C8FC8C30029C723 /* Release */ = {
			isa = XCBuildConfiguration;
			buildSettings = {
				ASSETCATALOG_COMPILER_APPICON_NAME = AppIcon;
				INFOPLIST_FILE = niftyCollectionView/Info.plist;
				LD_RUNPATH_SEARCH_PATHS = "$(inherited) @executable_path/Frameworks";
				PRODUCT_BUNDLE_IDENTIFIER = com.oshige.niftyCollectionView;
				PRODUCT_NAME = "$(TARGET_NAME)";
			};
			name = Release;
		};
/* End XCBuildConfiguration section */

/* Begin XCConfigurationList section */
		944CC9C31C8FC8C30029C723 /* Build configuration list for PBXProject "niftyCollectionView" */ = {
			isa = XCConfigurationList;
			buildConfigurations = (
				944CC9D81C8FC8C30029C723 /* Debug */,
				944CC9D91C8FC8C30029C723 /* Release */,
			);
			defaultConfigurationIsVisible = 0;
			defaultConfigurationName = Release;
		};
		944CC9DA1C8FC8C30029C723 /* Build configuration list for PBXNativeTarget "niftyCollectionView" */ = {
			isa = XCConfigurationList;
			buildConfigurations = (
				944CC9DB1C8FC8C30029C723 /* Debug */,
				944CC9DC1C8FC8C30029C723 /* Release */,
			);
			defaultConfigurationIsVisible = 0;
		};
/* End XCConfigurationList section */
	};
	rootObject = 944CC9C01C8FC8C30029C723 /* Project object */;
}
