// !$*UTF8*$!
{
	archiveVersion = 1;
	classes = {
	};
	objectVersion = 46;
	objects = {

/* Begin PBXBuildFile section */
		1BF7E2A6423AE807678BA6E7 /* libPods-niftyCollectionView.a in Frameworks */ = {isa = PBXBuildFile; fileRef = 85A81E028FF149F227066AA9 /* libPods-niftyCollectionView.a */; };
		944CC9CC1C8FC8C30029C723 /* AppDelegate.swift in Sources */ = {isa = PBXBuildFile; fileRef = 944CC9CB1C8FC8C30029C723 /* AppDelegate.swift */; };
		944CC9CE1C8FC8C30029C723 /* ViewController.swift in Sources */ = {isa = PBXBuildFile; fileRef = 944CC9CD1C8FC8C30029C723 /* ViewController.swift */; };
		944CC9D11C8FC8C30029C723 /* Main.storyboard in Resources */ = {isa = PBXBuildFile; fileRef = 944CC9CF1C8FC8C30029C723 /* Main.storyboard */; };
		944CC9D31C8FC8C30029C723 /* Assets.xcassets in Resources */ = {isa = PBXBuildFile; fileRef = 944CC9D21C8FC8C30029C723 /* Assets.xcassets */; };
		944CC9D61C8FC8C30029C723 /* LaunchScreen.storyboard in Resources */ = {isa = PBXBuildFile; fileRef = 944CC9D41C8FC8C30029C723 /* LaunchScreen.storyboard */; };
		944CC9DF1C8FD6A10029C723 /* smile.png in Resources */ = {isa = PBXBuildFile; fileRef = 944CC9DE1C8FD6A10029C723 /* smile.png */; };
/* End PBXBuildFile section */

/* Begin PBXFileReference section */
		208103F54DAEA551C7A3386D /* Pods-niftyCollectionView.release.xcconfig */ = {isa = PBXFileReference; includeInIndex = 1; lastKnownFileType = text.xcconfig; name = "Pods-niftyCollectionView.release.xcconfig"; path = "Pods/Target Support Files/Pods-niftyCollectionView/Pods-niftyCollectionView.release.xcconfig"; sourceTree = "<group>"; };
		39AD9B9BE414657DC55C7EEB /* Pods-niftyCollectionView.debug.xcconfig */ = {isa = PBXFileReference; includeInIndex = 1; lastKnownFileType = text.xcconfig; name = "Pods-niftyCollectionView.debug.xcconfig"; path = "Pods/Target Support Files/Pods-niftyCollectionView/Pods-niftyCollectionView.debug.xcconfig"; sourceTree = "<group>"; };
		85A81E028FF149F227066AA9 /* libPods-niftyCollectionView.a */ = {isa = PBXFileReference; explicitFileType = archive.ar; includeInIndex = 0; path = "libPods-niftyCollectionView.a"; sourceTree = BUILT_PRODUCTS_DIR; };
		944CC9C81C8FC8C30029C723 /* niftyCollectionView.app */ = {isa = PBXFileReference; explicitFileType = wrapper.application; includeInIndex = 0; path = niftyCollectionView.app; sourceTree = BUILT_PRODUCTS_DIR; };
		944CC9CB1C8FC8C30029C723 /* AppDelegate.swift */ = {isa = PBXFileReference; lastKnownFileType = sourcecode.swift; path = AppDelegate.swift; sourceTree = "<group>"; };
		944CC9CD1C8FC8C30029C723 /* ViewController.swift */ = {isa = PBXFileReference; lastKnownFileType = sourcecode.swift; path = ViewController.swift; sourceTree = "<group>"; };
		944CC9D01C8FC8C30029C723 /* Base */ = {isa = PBXFileReference; lastKnownFileType = file.storyboard; name = Base; path = Base.lproj/Main.storyboard; sourceTree = "<group>"; };
		944CC9D21C8FC8C30029C723 /* Assets.xcassets */ = {isa = PBXFileReference; lastKnownFileType = folder.assetcatalog; path = Assets.xcassets; sourceTree = "<group>"; };
		944CC9D51C8FC8C30029C723 /* Base */ = {isa = PBXFileReference; lastKnownFileType = file.storyboard; name = Base; path = Base.lproj/LaunchScreen.storyboard; sourceTree = "<group>"; };
		944CC9D71C8FC8C30029C723 /* Info.plist */ = {isa = PBXFileReference; lastKnownFileType = text.plist.xml; path = Info.plist; sourceTree = "<group>"; };
		944CC9DD1C8FD0010029C723 /* niftyCollectionView-Bridging-Header.h */ = {isa = PBXFileReference; lastKnownFileType = sourcecode.c.h; name = "niftyCollectionView-Bridging-Header.h"; path = "niftyCollectionView/niftyCollectionView-Bridging-Header.h"; sourceTree = SOURCE_ROOT; };
		944CC9DE1C8FD6A10029C723 /* smile.png */ = {isa = PBXFileReference; lastKnownFileType = image.png; name = smile.png; path = ../../../Desktop/smile.png; sourceTree = "<group>"; };
/* End PBXFileReference section */

/* Begin PBXFrameworksBuildPhase section */
		944CC9C51C8FC8C30029C723 /* Frameworks */ = {
			isa = PBXFrameworksBuildPhase;
			buildActionMask = 2147483647;
			files = (
				1BF7E2A6423AE807678BA6E7 /* libPods-niftyCollectionView.a in Frameworks */,
			);
			runOnlyForDeploymentPostprocessing = 0;
		};
/* End PBXFrameworksBuildPhase section */

/* Begin PBXGroup section */
		944CC9BF1C8FC8C30029C723 = {
			isa = PBXGroup;
			children = (
				944CC9CA1C8FC8C30029C723 /* niftyCollectionView */,
				944CC9C91C8FC8C30029C723 /* Products */,
				EDFE8FD94E7E04AD45764FE2 /* Pods */,
				E81D86B42D66502A1AC8619F /* Frameworks */,
			);
			sourceTree = "<group>";
		};
		944CC9C91C8FC8C30029C723 /* Products */ = {
			isa = PBXGroup;
			children = (
				944CC9C81C8FC8C30029C723 /* niftyCollectionView.app */,
			);
			name = Products;
			sourceTree = "<group>";
		};
		944CC9CA1C8FC8C30029C723 /* niftyCollectionView */ = {
			isa = PBXGroup;
			children = (
				944CC9DE1C8FD6A10029C723 /* smile.png */,
				944CC9DD1C8FD0010029C723 /* niftyCollectionView-Bridging-Header.h */,
				944CC9CB1C8FC8C30029C723 /* AppDelegate.swift */,
				944CC9CD1C8FC8C30029C723 /* ViewController.swift */,
				944CC9CF1C8FC8C30029C723 /* Main.storyboard */,
				944CC9D21C8FC8C30029C723 /* Assets.xcassets */,
				944CC9D41C8FC8C30029C723 /* LaunchScreen.storyboard */,
				944CC9D71C8FC8C30029C723 /* Info.plist */,
			);
			path = niftyCollectionView;
			sourceTree = "<group>";
		};
		E81D86B42D66502A1AC8619F /* Frameworks */ = {
			isa = PBXGroup;
			children = (
				85A81E028FF149F227066AA9 /* libPods-niftyCollectionView.a */,
			);
			name = Frameworks;
			sourceTree = "<group>";
		};
		EDFE8FD94E7E04AD45764FE2 /* Pods */ = {
			isa = PBXGroup;
			children = (
				39AD9B9BE414657DC55C7EEB /* Pods-niftyCollectionView.debug.xcconfig */,
				208103F54DAEA551C7A3386D /* Pods-niftyCollectionView.release.xcconfig */,
			);
			name = Pods;
			sourceTree = "<group>";
		};
/* End PBXGroup section */

/* Begin PBXNativeTarget section */
		944CC9C71C8FC8C30029C723 /* niftyCollectionView */ = {
			isa = PBXNativeTarget;
			buildConfigurationList = 944CC9DA1C8FC8C30029C723 /* Build configuration list for PBXNativeTarget "niftyCollectionView" */;
			buildPhases = (
				044CD1760842F3649B115135 /* Check Pods Manifest.lock */,
				944CC9C41C8FC8C30029C723 /* Sources */,
				944CC9C51C8FC8C30029C723 /* Frameworks */,
				944CC9C61C8FC8C30029C723 /* Resources */,
				AEC1E3FC71422F652BDD9A6E /* Embed Pods Frameworks */,
				7A462773A60FAE4D31DD30D2 /* Copy Pods Resources */,
			);
			buildRules = (
			);
			dependencies = (
			);
			name = niftyCollectionView;
			productName = niftyCollectionView;
			productReference = 944CC9C81C8FC8C30029C723 /* niftyCollectionView.app */;
			productType = "com.apple.product-type.application";
		};
/* End PBXNativeTarget section */

/* Begin PBXProject section */
		944CC9C01C8FC8C30029C723 /* Project object */ = {
			isa = PBXProject;
			attributes = {
				LastSwiftUpdateCheck = 0720;
				LastUpgradeCheck = 0720;
				ORGANIZATIONNAME = DaichiSaito;
				TargetAttributes = {
					944CC9C71C8FC8C30029C723 = {
						CreatedOnToolsVersion = 7.2.1;
					};
				};
			};
			buildConfigurationList = 944CC9C31C8FC8C30029C723 /* Build configuration list for PBXProject "niftyCollectionView" */;
			compatibilityVersion = "Xcode 3.2";
			developmentRegion = English;
			hasScannedForEncodings = 0;
			knownRegions = (
				en,
				Base,
			);
			mainGroup = 944CC9BF1C8FC8C30029C723;
			productRefGroup = 944CC9C91C8FC8C30029C723 /* Products */;
			projectDirPath = "";
			projectRoot = "";
			targets = (
				944CC9C71C8FC8C30029C723 /* niftyCollectionView */,
			);
		};
/* End PBXProject section */

/* Begin PBXResourcesBuildPhase section */
		944CC9C61C8FC8C30029C723 /* Resources */ = {
			isa = PBXResourcesBuildPhase;
			buildActionMask = 2147483647;
			files = (
				944CC9D61C8FC8C30029C723 /* LaunchScreen.storyboard in Resources */,
				944CC9D31C8FC8C30029C723 /* Assets.xcassets in Resources */,
				944CC9DF1C8FD6A10029C723 /* smile.png in Resources */,
				944CC9D11C8FC8C30029C723 /* Main.storyboard in Resources */,
			);
			runOnlyForDeploymentPostprocessing = 0;
		};
/* End PBXResourcesBuildPhase section */

/* Begin PBXShellScriptBuildPhase section */
		044CD1760842F3649B115135 /* Check Pods Manifest.lock */ = {
			isa = PBXShellScriptBuildPhase;
			buildActionMask = 2147483647;
			files = (
			);
			inputPaths = (
			);
			name = "Check Pods Manifest.lock";
			outputPaths = (
			);
			runOnlyForDeploymentPostprocessing = 0;
			shellPath = /bin/sh;
			shellScript = "diff \"${PODS_ROOT}/../Podfile.lock\" \"${PODS_ROOT}/Manifest.lock\" > /dev/null\nif [[ $? != 0 ]] ; then\n    cat << EOM\nerror: The sandbox is not in sync with the Podfile.lock. Run 'pod install' or update your CocoaPods installation.\nEOM\n    exit 1\nfi\n";
			showEnvVarsInLog = 0;
		};
		7A462773A60FAE4D31DD30D2 /* Copy Pods Resources */ = {
			isa = PBXShellScriptBuildPhase;
			buildActionMask = 2147483647;
			files = (
			);
			inputPaths = (
			);
			name = "Copy Pods Resources";
			outputPaths = (
			);
			runOnlyForDeploymentPostprocessing = 0;
			shellPath = /bin/sh;
			shellScript = "\"${SRCROOT}/Pods/Target Support Files/Pods-niftyCollectionView/Pods-niftyCollectionView-resources.sh\"\n";
			showEnvVarsInLog = 0;
		};
		AEC1E3FC71422F652BDD9A6E /* Embed Pods Frameworks */ = {
			isa = PBXShellScriptBuildPhase;
			buildActionMask = 2147483647;
			files = (
			);
			inputPaths = (
			);
			name = "Embed Pods Frameworks";
			outputPaths = (
			);
			runOnlyForDeploymentPostprocessing = 0;
			shellPath = /bin/sh;
			shellScript = "\"${SRCROOT}/Pods/Target Support Files/Pods-niftyCollectionView/Pods-niftyCollectionView-frameworks.sh\"\n";
			showEnvVarsInLog = 0;
		};
/* End PBXShellScriptBuildPhase section */

/* Begin PBXSourcesBuildPhase section */
		944CC9C41C8FC8C30029C723 /* Sources */ = {
			isa = PBXSourcesBuildPhase;
			buildActionMask = 2147483647;
			files = (
				944CC9CE1C8FC8C30029C723 /* ViewController.swift in Sources */,
				944CC9CC1C8FC8C30029C723 /* AppDelegate.swift in Sources */,
			);
			runOnlyForDeploymentPostprocessing = 0;
		};
/* End PBXSourcesBuildPhase section */

/* Begin PBXVariantGroup section */
		944CC9CF1C8FC8C30029C723 /* Main.storyboard */ = {
			isa = PBXVariantGroup;
			children = (
				944CC9D01C8FC8C30029C723 /* Base */,
			);
			name = Main.storyboard;
			sourceTree = "<group>";
		};
		944CC9D41C8FC8C30029C723 /* LaunchScreen.storyboard */ = {
			isa = PBXVariantGroup;
			children = (
				944CC9D51C8FC8C30029C723 /* Base */,
			);
			name = LaunchScreen.storyboard;
			sourceTree = "<group>";
		};
/* End PBXVariantGroup section */

/* Begin XCBuildConfiguration section */
		944CC9D81C8FC8C30029C723 /* Debug */ = {
			isa = XCBuildConfiguration;
			buildSettings = {
				ALWAYS_SEARCH_USER_PATHS = NO;
				CLANG_CXX_LANGUAGE_STANDARD = "gnu++0x";
				CLANG_CXX_LIBRARY = "libc++";
				CLANG_ENABLE_MODULES = YES;
				CLANG_ENABLE_OBJC_ARC = YES;
				CLANG_WARN_BOOL_CONVERSION = YES;
				CLANG_WARN_CONSTANT_CONVERSION = YES;
				CLANG_WARN_DIRECT_OBJC_ISA_USAGE = YES_ERROR;
				CLANG_WARN_EMPTY_BODY = YES;
				CLANG_WARN_ENUM_CONVERSION = YES;
				CLANG_WARN_INT_CONVERSION = YES;
				CLANG_WARN_OBJC_ROOT_CLASS = YES_ERROR;
				CLANG_WARN_UNREACHABLE_CODE = YES;
				CLANG_WARN__DUPLICATE_METHOD_MATCH = YES;
				"CODE_SIGN_IDENTITY[sdk=iphoneos*]" = "iPhone Developer";
				COPY_PHASE_STRIP = NO;
				DEBUG_INFORMATION_FORMAT = dwarf;
				ENABLE_STRICT_OBJC_MSGSEND = YES;
				ENABLE_TESTABILITY = YES;
				GCC_C_LANGUAGE_STANDARD = gnu99;
				GCC_DYNAMIC_NO_PIC = NO;
				GCC_NO_COMMON_BLOCKS = YES;
				GCC_OPTIMIZATION_LEVEL = 0;
				GCC_PREPROCESSOR_DEFINITIONS = (
					"DEBUG=1",
					"$(inherited)",
				);
				GCC_WARN_64_TO_32_BIT_CONVERSION = YES;
				GCC_WARN_ABOUT_RETURN_TYPE = YES_ERROR;
				GCC_WARN_UNDECLARED_SELECTOR = YES;
				GCC_WARN_UNINITIALIZED_AUTOS = YES_AGGRESSIVE;
				GCC_WARN_UNUSED_FUNCTION = YES;
				GCC_WARN_UNUSED_VARIABLE = YES;
				IPHONEOS_DEPLOYMENT_TARGET = 9.2;
				MTL_ENABLE_DEBUG_INFO = YES;
				ONLY_ACTIVE_ARCH = YES;
				SDKROOT = iphoneos;
				SWIFT_OPTIMIZATION_LEVEL = "-Onone";
			};
			name = Debug;
		};
		944CC9D91C8FC8C30029C723 /* Release */ = {
			isa = XCBuildConfiguration;
			buildSettings = {
				ALWAYS_SEARCH_USER_PATHS = NO;
				CLANG_CXX_LANGUAGE_STANDARD = "gnu++0x";
				CLANG_CXX_LIBRARY = "libc++";
				CLANG_ENABLE_MODULES = YES;
				CLANG_ENABLE_OBJC_ARC = YES;
				CLANG_WARN_BOOL_CONVERSION = YES;
				CLANG_WARN_CONSTANT_CONVERSION = YES;
				CLANG_WARN_DIRECT_OBJC_ISA_USAGE = YES_ERROR;
				CLANG_WARN_EMPTY_BODY = YES;
				CLANG_WARN_ENUM_CONVERSION = YES;
				CLANG_WARN_INT_CONVERSION = YES;
				CLANG_WARN_OBJC_ROOT_CLASS = YES_ERROR;
				CLANG_WARN_UNREACHABLE_CODE = YES;
				CLANG_WARN__DUPLICATE_METHOD_MATCH = YES;
				"CODE_SIGN_IDENTITY[sdk=iphoneos*]" = "iPhone Developer";
				COPY_PHASE_STRIP = NO;
				DEBUG_INFORMATION_FORMAT = "dwarf-with-dsym";
				ENABLE_NS_ASSERTIONS = NO;
				ENABLE_STRICT_OBJC_MSGSEND = YES;
				GCC_C_LANGUAGE_STANDARD = gnu99;
				GCC_NO_COMMON_BLOCKS = YES;
				GCC_WARN_64_TO_32_BIT_CONVERSION = YES;
				GCC_WARN_ABOUT_RETURN_TYPE = YES_ERROR;
				GCC_WARN_UNDECLARED_SELECTOR = YES;
				GCC_WARN_UNINITIALIZED_AUTOS = YES_AGGRESSIVE;
				GCC_WARN_UNUSED_FUNCTION = YES;
				GCC_WARN_UNUSED_VARIABLE = YES;
				IPHONEOS_DEPLOYMENT_TARGET = 9.2;
				MTL_ENABLE_DEBUG_INFO = NO;
				SDKROOT = iphoneos;
				VALIDATE_PRODUCT = YES;
			};
			name = Release;
		};
		944CC9DB1C8FC8C30029C723 /* Debug */ = {
			isa = XCBuildConfiguration;
			baseConfigurationReference = 39AD9B9BE414657DC55C7EEB /* Pods-niftyCollectionView.debug.xcconfig */;
			buildSettings = {
				ASSETCATALOG_COMPILER_APPICON_NAME = AppIcon;
				INFOPLIST_FILE = niftyCollectionView/Info.plist;
				LD_RUNPATH_SEARCH_PATHS = "$(inherited) @executable_path/Frameworks";
				PRODUCT_BUNDLE_IDENTIFIER = com.oshige.niftyCollectionView;
				PRODUCT_NAME = "$(TARGET_NAME)";
				SWIFT_OBJC_BRIDGING_HEADER = "$(SRCROOT)/$(PROJECT)/niftyCollectionView-Bridging-Header.h";
			};
			name = Debug;
		};
		944CC9DC1C8FC8C30029C723 /* Release */ = {
			isa = XCBuildConfiguration;
			baseConfigurationReference = 208103F54DAEA551C7A3386D /* Pods-niftyCollectionView.release.xcconfig */;
			buildSettings = {
				ASSETCATALOG_COMPILER_APPICON_NAME = AppIcon;
				INFOPLIST_FILE = niftyCollectionView/Info.plist;
				LD_RUNPATH_SEARCH_PATHS = "$(inherited) @executable_path/Frameworks";
				PRODUCT_BUNDLE_IDENTIFIER = com.oshige.niftyCollectionView;
				PRODUCT_NAME = "$(TARGET_NAME)";
				SWIFT_OBJC_BRIDGING_HEADER = "$(SRCROOT)/$(PROJECT)/niftyCollectionView-Bridging-Header.h";
			};
			name = Release;
		};
/* End XCBuildConfiguration section */

/* Begin XCConfigurationList section */
		944CC9C31C8FC8C30029C723 /* Build configuration list for PBXProject "niftyCollectionView" */ = {
			isa = XCConfigurationList;
			buildConfigurations = (
				944CC9D81C8FC8C30029C723 /* Debug */,
				944CC9D91C8FC8C30029C723 /* Release */,
			);
			defaultConfigurationIsVisible = 0;
			defaultConfigurationName = Release;
		};
		944CC9DA1C8FC8C30029C723 /* Build configuration list for PBXNativeTarget "niftyCollectionView" */ = {
			isa = XCConfigurationList;
			buildConfigurations = (
				944CC9DB1C8FC8C30029C723 /* Debug */,
				944CC9DC1C8FC8C30029C723 /* Release */,
			);
			defaultConfigurationIsVisible = 0;
			defaultConfigurationName = Release;
		};
/* End XCConfigurationList section */
	};
	rootObject = 944CC9C01C8FC8C30029C723 /* Project object */;
}
